// !$*UTF8*$!
{
	archiveVersion = 1;
	classes = {
	};
	objectVersion = 46;
	objects = {

/* Begin PBXBuildFile section */
		CD6DB78C1C8F6226003BDAAC /* play.png in Resources */ = {isa = PBXBuildFile; fileRef = CD6DB78B1C8F6226003BDAAC /* play.png */; };
		CD6DB7901C8F6553003BDAAC /* plus.png in Resources */ = {isa = PBXBuildFile; fileRef = CD6DB78F1C8F6553003BDAAC /* plus.png */; };
		CD6DB7921C8F65F8003BDAAC /* pause.png in Resources */ = {isa = PBXBuildFile; fileRef = CD6DB7911C8F65F8003BDAAC /* pause.png */; };
		CD6DB7941C8F6AB5003BDAAC /* music-note.png in Resources */ = {isa = PBXBuildFile; fileRef = CD6DB7931C8F6AB5003BDAAC /* music-note.png */; };
		CD730E5F1BD967D4002B19C8 /* AppDelegate.swift in Sources */ = {isa = PBXBuildFile; fileRef = CD730E5E1BD967D4002B19C8 /* AppDelegate.swift */; };
		CD730E611BD967D4002B19C8 /* ViewController.swift in Sources */ = {isa = PBXBuildFile; fileRef = CD730E601BD967D4002B19C8 /* ViewController.swift */; };
		CD730E641BD967D4002B19C8 /* Main.storyboard in Resources */ = {isa = PBXBuildFile; fileRef = CD730E621BD967D4002B19C8 /* Main.storyboard */; };
		CD730E671BD967D4002B19C8 /* MusicColaboration.xcdatamodeld in Sources */ = {isa = PBXBuildFile; fileRef = CD730E651BD967D4002B19C8 /* MusicColaboration.xcdatamodeld */; };
		CD730E691BD967D4002B19C8 /* Assets.xcassets in Resources */ = {isa = PBXBuildFile; fileRef = CD730E681BD967D4002B19C8 /* Assets.xcassets */; };
		CD730E6C1BD967D4002B19C8 /* LaunchScreen.storyboard in Resources */ = {isa = PBXBuildFile; fileRef = CD730E6A1BD967D4002B19C8 /* LaunchScreen.storyboard */; };
		CD730E771BD967D4002B19C8 /* MusicColaborationTests.swift in Sources */ = {isa = PBXBuildFile; fileRef = CD730E761BD967D4002B19C8 /* MusicColaborationTests.swift */; };
		CD730E821BD967D4002B19C8 /* MusicColaborationUITests.swift in Sources */ = {isa = PBXBuildFile; fileRef = CD730E811BD967D4002B19C8 /* MusicColaborationUITests.swift */; };
		CD730E921BD96FF6002B19C8 /* Utilities.swift in Sources */ = {isa = PBXBuildFile; fileRef = CD730E911BD96FF6002B19C8 /* Utilities.swift */; };
		CD77E08C1C91F1F000188FC1 /* A#backg.png in Resources */ = {isa = PBXBuildFile; fileRef = CD77E0741C91F1F000188FC1 /* A#backg.png */; };
		CD77E08D1C91F1F000188FC1 /* A#note.png in Resources */ = {isa = PBXBuildFile; fileRef = CD77E0751C91F1F000188FC1 /* A#note.png */; };
		CD77E08E1C91F1F000188FC1 /* Abackg.png in Resources */ = {isa = PBXBuildFile; fileRef = CD77E0761C91F1F000188FC1 /* Abackg.png */; };
		CD77E08F1C91F1F000188FC1 /* Anote.png in Resources */ = {isa = PBXBuildFile; fileRef = CD77E0771C91F1F000188FC1 /* Anote.png */; };
		CD77E0901C91F1F000188FC1 /* Bbackg.png in Resources */ = {isa = PBXBuildFile; fileRef = CD77E0781C91F1F000188FC1 /* Bbackg.png */; };
		CD77E0911C91F1F000188FC1 /* Bnote.png in Resources */ = {isa = PBXBuildFile; fileRef = CD77E0791C91F1F000188FC1 /* Bnote.png */; };
		CD77E0921C91F1F000188FC1 /* C#backg.png in Resources */ = {isa = PBXBuildFile; fileRef = CD77E07A1C91F1F000188FC1 /* C#backg.png */; };
		CD77E0931C91F1F000188FC1 /* C#note.png in Resources */ = {isa = PBXBuildFile; fileRef = CD77E07B1C91F1F000188FC1 /* C#note.png */; };
		CD77E0941C91F1F000188FC1 /* Cbackg.png in Resources */ = {isa = PBXBuildFile; fileRef = CD77E07C1C91F1F000188FC1 /* Cbackg.png */; };
		CD77E0951C91F1F000188FC1 /* Cnote.png in Resources */ = {isa = PBXBuildFile; fileRef = CD77E07D1C91F1F000188FC1 /* Cnote.png */; };
		CD77E0961C91F1F000188FC1 /* D#backg.png in Resources */ = {isa = PBXBuildFile; fileRef = CD77E07E1C91F1F000188FC1 /* D#backg.png */; };
		CD77E0971C91F1F000188FC1 /* D#note.png in Resources */ = {isa = PBXBuildFile; fileRef = CD77E07F1C91F1F000188FC1 /* D#note.png */; };
		CD77E0981C91F1F000188FC1 /* Dbackg.png in Resources */ = {isa = PBXBuildFile; fileRef = CD77E0801C91F1F000188FC1 /* Dbackg.png */; };
		CD77E0991C91F1F000188FC1 /* Dnote.png in Resources */ = {isa = PBXBuildFile; fileRef = CD77E0811C91F1F000188FC1 /* Dnote.png */; };
		CD77E09A1C91F1F000188FC1 /* Ebackg.png in Resources */ = {isa = PBXBuildFile; fileRef = CD77E0821C91F1F000188FC1 /* Ebackg.png */; };
		CD77E09B1C91F1F000188FC1 /* Enote.png in Resources */ = {isa = PBXBuildFile; fileRef = CD77E0831C91F1F000188FC1 /* Enote.png */; };
		CD77E09C1C91F1F000188FC1 /* F#backg.png in Resources */ = {isa = PBXBuildFile; fileRef = CD77E0841C91F1F000188FC1 /* F#backg.png */; };
		CD77E09D1C91F1F000188FC1 /* F#note.png in Resources */ = {isa = PBXBuildFile; fileRef = CD77E0851C91F1F000188FC1 /* F#note.png */; };
		CD77E09E1C91F1F000188FC1 /* Fbackg.png in Resources */ = {isa = PBXBuildFile; fileRef = CD77E0861C91F1F000188FC1 /* Fbackg.png */; };
		CD77E09F1C91F1F000188FC1 /* Fnote.png in Resources */ = {isa = PBXBuildFile; fileRef = CD77E0871C91F1F000188FC1 /* Fnote.png */; };
		CD77E0A01C91F1F000188FC1 /* G#backg.png in Resources */ = {isa = PBXBuildFile; fileRef = CD77E0881C91F1F000188FC1 /* G#backg.png */; };
		CD77E0A11C91F1F000188FC1 /* G#note.png in Resources */ = {isa = PBXBuildFile; fileRef = CD77E0891C91F1F000188FC1 /* G#note.png */; };
		CD77E0A21C91F1F000188FC1 /* Gbackg.png in Resources */ = {isa = PBXBuildFile; fileRef = CD77E08A1C91F1F000188FC1 /* Gbackg.png */; };
		CD77E0A31C91F1F000188FC1 /* Gnote.png in Resources */ = {isa = PBXBuildFile; fileRef = CD77E08B1C91F1F000188FC1 /* Gnote.png */; };
		CD77E0A51C9204BF00188FC1 /* Chordbackg.png in Resources */ = {isa = PBXBuildFile; fileRef = CD77E0A41C9204BF00188FC1 /* Chordbackg.png */; };
		CDB8129C1BE002EF00384FBE /* PlayerData.swift in Sources */ = {isa = PBXBuildFile; fileRef = CDB8129B1BE002EF00384FBE /* PlayerData.swift */; };
/* End PBXBuildFile section */

/* Begin PBXContainerItemProxy section */
		CD730E731BD967D4002B19C8 /* PBXContainerItemProxy */ = {
			isa = PBXContainerItemProxy;
			containerPortal = CD730E531BD967D3002B19C8 /* Project object */;
			proxyType = 1;
			remoteGlobalIDString = CD730E5A1BD967D4002B19C8;
			remoteInfo = MusicColaboration;
		};
		CD730E7E1BD967D4002B19C8 /* PBXContainerItemProxy */ = {
			isa = PBXContainerItemProxy;
			containerPortal = CD730E531BD967D3002B19C8 /* Project object */;
			proxyType = 1;
			remoteGlobalIDString = CD730E5A1BD967D4002B19C8;
			remoteInfo = MusicColaboration;
		};
/* End PBXContainerItemProxy section */

/* Begin PBXFileReference section */
		CD6DB78B1C8F6226003BDAAC /* play.png */ = {isa = PBXFileReference; lastKnownFileType = image.png; path = play.png; sourceTree = "<group>"; };
		CD6DB78F1C8F6553003BDAAC /* plus.png */ = {isa = PBXFileReference; lastKnownFileType = image.png; path = plus.png; sourceTree = "<group>"; };
		CD6DB7911C8F65F8003BDAAC /* pause.png */ = {isa = PBXFileReference; lastKnownFileType = image.png; path = pause.png; sourceTree = "<group>"; };
		CD6DB7931C8F6AB5003BDAAC /* music-note.png */ = {isa = PBXFileReference; lastKnownFileType = image.png; path = "music-note.png"; sourceTree = "<group>"; };
		CD730E5B1BD967D4002B19C8 /* MusicVisualizations.app */ = {isa = PBXFileReference; explicitFileType = wrapper.application; includeInIndex = 0; path = MusicVisualizations.app; sourceTree = BUILT_PRODUCTS_DIR; };
		CD730E5E1BD967D4002B19C8 /* AppDelegate.swift */ = {isa = PBXFileReference; lastKnownFileType = sourcecode.swift; path = AppDelegate.swift; sourceTree = "<group>"; };
		CD730E601BD967D4002B19C8 /* ViewController.swift */ = {isa = PBXFileReference; lastKnownFileType = sourcecode.swift; path = ViewController.swift; sourceTree = "<group>"; };
		CD730E631BD967D4002B19C8 /* Base */ = {isa = PBXFileReference; lastKnownFileType = file.storyboard; name = Base; path = Base.lproj/Main.storyboard; sourceTree = "<group>"; };
		CD730E661BD967D4002B19C8 /* MusicColaboration.xcdatamodel */ = {isa = PBXFileReference; lastKnownFileType = wrapper.xcdatamodel; path = MusicColaboration.xcdatamodel; sourceTree = "<group>"; };
		CD730E681BD967D4002B19C8 /* Assets.xcassets */ = {isa = PBXFileReference; lastKnownFileType = folder.assetcatalog; path = Assets.xcassets; sourceTree = "<group>"; };
		CD730E6B1BD967D4002B19C8 /* Base */ = {isa = PBXFileReference; lastKnownFileType = file.storyboard; name = Base; path = Base.lproj/LaunchScreen.storyboard; sourceTree = "<group>"; };
		CD730E6D1BD967D4002B19C8 /* Info.plist */ = {isa = PBXFileReference; lastKnownFileType = text.plist.xml; path = Info.plist; sourceTree = "<group>"; };
		CD730E721BD967D4002B19C8 /* MusicVisualizations.xctest */ = {isa = PBXFileReference; explicitFileType = wrapper.cfbundle; includeInIndex = 0; path = MusicVisualizations.xctest; sourceTree = BUILT_PRODUCTS_DIR; };
		CD730E761BD967D4002B19C8 /* MusicColaborationTests.swift */ = {isa = PBXFileReference; lastKnownFileType = sourcecode.swift; path = MusicColaborationTests.swift; sourceTree = "<group>"; };
		CD730E781BD967D4002B19C8 /* Info.plist */ = {isa = PBXFileReference; lastKnownFileType = text.plist.xml; path = Info.plist; sourceTree = "<group>"; };
		CD730E7D1BD967D4002B19C8 /* MusicVisualizations.xctest */ = {isa = PBXFileReference; explicitFileType = wrapper.cfbundle; includeInIndex = 0; path = MusicVisualizations.xctest; sourceTree = BUILT_PRODUCTS_DIR; };
		CD730E811BD967D4002B19C8 /* MusicColaborationUITests.swift */ = {isa = PBXFileReference; lastKnownFileType = sourcecode.swift; path = MusicColaborationUITests.swift; sourceTree = "<group>"; };
		CD730E831BD967D4002B19C8 /* Info.plist */ = {isa = PBXFileReference; lastKnownFileType = text.plist.xml; path = Info.plist; sourceTree = "<group>"; };
		CD730E911BD96FF6002B19C8 /* Utilities.swift */ = {isa = PBXFileReference; fileEncoding = 4; lastKnownFileType = sourcecode.swift; path = Utilities.swift; sourceTree = "<group>"; };
		CD77E0741C91F1F000188FC1 /* A#backg.png */ = {isa = PBXFileReference; lastKnownFileType = image.png; path = "A#backg.png"; sourceTree = "<group>"; };
		CD77E0751C91F1F000188FC1 /* A#note.png */ = {isa = PBXFileReference; lastKnownFileType = image.png; path = "A#note.png"; sourceTree = "<group>"; };
		CD77E0761C91F1F000188FC1 /* Abackg.png */ = {isa = PBXFileReference; lastKnownFileType = image.png; path = Abackg.png; sourceTree = "<group>"; };
		CD77E0771C91F1F000188FC1 /* Anote.png */ = {isa = PBXFileReference; lastKnownFileType = image.png; path = Anote.png; sourceTree = "<group>"; };
		CD77E0781C91F1F000188FC1 /* Bbackg.png */ = {isa = PBXFileReference; lastKnownFileType = image.png; path = Bbackg.png; sourceTree = "<group>"; };
		CD77E0791C91F1F000188FC1 /* Bnote.png */ = {isa = PBXFileReference; lastKnownFileType = image.png; path = Bnote.png; sourceTree = "<group>"; };
		CD77E07A1C91F1F000188FC1 /* C#backg.png */ = {isa = PBXFileReference; lastKnownFileType = image.png; path = "C#backg.png"; sourceTree = "<group>"; };
		CD77E07B1C91F1F000188FC1 /* C#note.png */ = {isa = PBXFileReference; lastKnownFileType = image.png; path = "C#note.png"; sourceTree = "<group>"; };
		CD77E07C1C91F1F000188FC1 /* Cbackg.png */ = {isa = PBXFileReference; lastKnownFileType = image.png; path = Cbackg.png; sourceTree = "<group>"; };
		CD77E07D1C91F1F000188FC1 /* Cnote.png */ = {isa = PBXFileReference; lastKnownFileType = image.png; path = Cnote.png; sourceTree = "<group>"; };
		CD77E07E1C91F1F000188FC1 /* D#backg.png */ = {isa = PBXFileReference; lastKnownFileType = image.png; path = "D#backg.png"; sourceTree = "<group>"; };
		CD77E07F1C91F1F000188FC1 /* D#note.png */ = {isa = PBXFileReference; lastKnownFileType = image.png; path = "D#note.png"; sourceTree = "<group>"; };
		CD77E0801C91F1F000188FC1 /* Dbackg.png */ = {isa = PBXFileReference; lastKnownFileType = image.png; path = Dbackg.png; sourceTree = "<group>"; };
		CD77E0811C91F1F000188FC1 /* Dnote.png */ = {isa = PBXFileReference; lastKnownFileType = image.png; path = Dnote.png; sourceTree = "<group>"; };
		CD77E0821C91F1F000188FC1 /* Ebackg.png */ = {isa = PBXFileReference; lastKnownFileType = image.png; path = Ebackg.png; sourceTree = "<group>"; };
		CD77E0831C91F1F000188FC1 /* Enote.png */ = {isa = PBXFileReference; lastKnownFileType = image.png; path = Enote.png; sourceTree = "<group>"; };
		CD77E0841C91F1F000188FC1 /* F#backg.png */ = {isa = PBXFileReference; lastKnownFileType = image.png; path = "F#backg.png"; sourceTree = "<group>"; };
		CD77E0851C91F1F000188FC1 /* F#note.png */ = {isa = PBXFileReference; lastKnownFileType = image.png; path = "F#note.png"; sourceTree = "<group>"; };
		CD77E0861C91F1F000188FC1 /* Fbackg.png */ = {isa = PBXFileReference; lastKnownFileType = image.png; path = Fbackg.png; sourceTree = "<group>"; };
		CD77E0871C91F1F000188FC1 /* Fnote.png */ = {isa = PBXFileReference; lastKnownFileType = image.png; path = Fnote.png; sourceTree = "<group>"; };
		CD77E0881C91F1F000188FC1 /* G#backg.png */ = {isa = PBXFileReference; lastKnownFileType = image.png; path = "G#backg.png"; sourceTree = "<group>"; };
		CD77E0891C91F1F000188FC1 /* G#note.png */ = {isa = PBXFileReference; lastKnownFileType = image.png; path = "G#note.png"; sourceTree = "<group>"; };
		CD77E08A1C91F1F000188FC1 /* Gbackg.png */ = {isa = PBXFileReference; lastKnownFileType = image.png; path = Gbackg.png; sourceTree = "<group>"; };
		CD77E08B1C91F1F000188FC1 /* Gnote.png */ = {isa = PBXFileReference; lastKnownFileType = image.png; path = Gnote.png; sourceTree = "<group>"; };
		CD77E0A41C9204BF00188FC1 /* Chordbackg.png */ = {isa = PBXFileReference; lastKnownFileType = image.png; path = Chordbackg.png; sourceTree = "<group>"; };
		CDB8129B1BE002EF00384FBE /* PlayerData.swift */ = {isa = PBXFileReference; fileEncoding = 4; lastKnownFileType = sourcecode.swift; path = PlayerData.swift; sourceTree = "<group>"; };
/* End PBXFileReference section */

/* Begin PBXFrameworksBuildPhase section */
		CD730E581BD967D4002B19C8 /* Frameworks */ = {
			isa = PBXFrameworksBuildPhase;
			buildActionMask = 2147483647;
			files = (
			);
			runOnlyForDeploymentPostprocessing = 0;
		};
		CD730E6F1BD967D4002B19C8 /* Frameworks */ = {
			isa = PBXFrameworksBuildPhase;
			buildActionMask = 2147483647;
			files = (
			);
			runOnlyForDeploymentPostprocessing = 0;
		};
		CD730E7A1BD967D4002B19C8 /* Frameworks */ = {
			isa = PBXFrameworksBuildPhase;
			buildActionMask = 2147483647;
			files = (
			);
			runOnlyForDeploymentPostprocessing = 0;
		};
/* End PBXFrameworksBuildPhase section */

/* Begin PBXGroup section */
		CD730E521BD967D3002B19C8 = {
			isa = PBXGroup;
			children = (
				CD730E5D1BD967D4002B19C8 /* MusicVisualizations */,
				CD730E751BD967D4002B19C8 /* MusicVisualizationsTests */,
				CD730E801BD967D4002B19C8 /* MusicVisualizationsUITests */,
				CD730E5C1BD967D4002B19C8 /* Products */,
			);
			sourceTree = "<group>";
		};
		CD730E5C1BD967D4002B19C8 /* Products */ = {
			isa = PBXGroup;
			children = (
				CD730E5B1BD967D4002B19C8 /* MusicVisualizations.app */,
				CD730E721BD967D4002B19C8 /* MusicVisualizations.xctest */,
				CD730E7D1BD967D4002B19C8 /* MusicVisualizations.xctest */,
			);
			name = Products;
			sourceTree = "<group>";
		};
		CD730E5D1BD967D4002B19C8 /* MusicVisualizations */ = {
			isa = PBXGroup;
			children = (
				CD730E911BD96FF6002B19C8 /* Utilities.swift */,
				CD730E5E1BD967D4002B19C8 /* AppDelegate.swift */,
				CD730E601BD967D4002B19C8 /* ViewController.swift */,
				CDB8129B1BE002EF00384FBE /* PlayerData.swift */,
				CD730E621BD967D4002B19C8 /* Main.storyboard */,
				CD730E681BD967D4002B19C8 /* Assets.xcassets */,
				CD730E6A1BD967D4002B19C8 /* LaunchScreen.storyboard */,
				CD730E6D1BD967D4002B19C8 /* Info.plist */,
				CD730E651BD967D4002B19C8 /* MusicColaboration.xcdatamodeld */,
				CD6DB78B1C8F6226003BDAAC /* play.png */,
				CD6DB78F1C8F6553003BDAAC /* plus.png */,
				CD6DB7911C8F65F8003BDAAC /* pause.png */,
				CD6DB7931C8F6AB5003BDAAC /* music-note.png */,
				CD77E0741C91F1F000188FC1 /* A#backg.png */,
				CD77E0751C91F1F000188FC1 /* A#note.png */,
				CD77E0761C91F1F000188FC1 /* Abackg.png */,
				CD77E0771C91F1F000188FC1 /* Anote.png */,
				CD77E0781C91F1F000188FC1 /* Bbackg.png */,
				CD77E0791C91F1F000188FC1 /* Bnote.png */,
				CD77E07A1C91F1F000188FC1 /* C#backg.png */,
				CD77E07B1C91F1F000188FC1 /* C#note.png */,
				CD77E07C1C91F1F000188FC1 /* Cbackg.png */,
				CD77E07D1C91F1F000188FC1 /* Cnote.png */,
				CD77E07E1C91F1F000188FC1 /* D#backg.png */,
				CD77E07F1C91F1F000188FC1 /* D#note.png */,
				CD77E0801C91F1F000188FC1 /* Dbackg.png */,
				CD77E0811C91F1F000188FC1 /* Dnote.png */,
				CD77E0821C91F1F000188FC1 /* Ebackg.png */,
				CD77E0831C91F1F000188FC1 /* Enote.png */,
				CD77E0841C91F1F000188FC1 /* F#backg.png */,
				CD77E0851C91F1F000188FC1 /* F#note.png */,
				CD77E0861C91F1F000188FC1 /* Fbackg.png */,
				CD77E0871C91F1F000188FC1 /* Fnote.png */,
				CD77E0881C91F1F000188FC1 /* G#backg.png */,
				CD77E0891C91F1F000188FC1 /* G#note.png */,
				CD77E08A1C91F1F000188FC1 /* Gbackg.png */,
				CD77E08B1C91F1F000188FC1 /* Gnote.png */,
				CD77E0A41C9204BF00188FC1 /* Chordbackg.png */,
			);
			name = MusicVisualizations;
			path = MusicColaboration;
			sourceTree = "<group>";
		};
		CD730E751BD967D4002B19C8 /* MusicVisualizationsTests */ = {
			isa = PBXGroup;
			children = (
				CD730E761BD967D4002B19C8 /* MusicColaborationTests.swift */,
				CD730E781BD967D4002B19C8 /* Info.plist */,
			);
			name = MusicVisualizationsTests;
			path = MusicColaborationTests;
			sourceTree = "<group>";
		};
		CD730E801BD967D4002B19C8 /* MusicVisualizationsUITests */ = {
			isa = PBXGroup;
			children = (
				CD730E811BD967D4002B19C8 /* MusicColaborationUITests.swift */,
				CD730E831BD967D4002B19C8 /* Info.plist */,
			);
			name = MusicVisualizationsUITests;
			path = MusicColaborationUITests;
			sourceTree = "<group>";
		};
/* End PBXGroup section */

/* Begin PBXNativeTarget section */
		CD730E5A1BD967D4002B19C8 /* MusicVisualizations */ = {
			isa = PBXNativeTarget;
			buildConfigurationList = CD730E861BD967D4002B19C8 /* Build configuration list for PBXNativeTarget "MusicVisualizations" */;
			buildPhases = (
				CD730E571BD967D4002B19C8 /* Sources */,
				CD730E581BD967D4002B19C8 /* Frameworks */,
				CD730E591BD967D4002B19C8 /* Resources */,
			);
			buildRules = (
			);
			dependencies = (
			);
			name = MusicVisualizations;
			productName = MusicColaboration;
			productReference = CD730E5B1BD967D4002B19C8 /* MusicVisualizations.app */;
			productType = "com.apple.product-type.application";
		};
		CD730E711BD967D4002B19C8 /* MusicVisualizationsTests */ = {
			isa = PBXNativeTarget;
			buildConfigurationList = CD730E891BD967D4002B19C8 /* Build configuration list for PBXNativeTarget "MusicVisualizationsTests" */;
			buildPhases = (
				CD730E6E1BD967D4002B19C8 /* Sources */,
				CD730E6F1BD967D4002B19C8 /* Frameworks */,
				CD730E701BD967D4002B19C8 /* Resources */,
			);
			buildRules = (
			);
			dependencies = (
				CD730E741BD967D4002B19C8 /* PBXTargetDependency */,
			);
			name = MusicVisualizationsTests;
			productName = MusicColaborationTests;
			productReference = CD730E721BD967D4002B19C8 /* MusicVisualizations.xctest */;
			productType = "com.apple.product-type.bundle.unit-test";
		};
		CD730E7C1BD967D4002B19C8 /* MusicVisualizationsUITests */ = {
			isa = PBXNativeTarget;
			buildConfigurationList = CD730E8C1BD967D4002B19C8 /* Build configuration list for PBXNativeTarget "MusicVisualizationsUITests" */;
			buildPhases = (
				CD730E791BD967D4002B19C8 /* Sources */,
				CD730E7A1BD967D4002B19C8 /* Frameworks */,
				CD730E7B1BD967D4002B19C8 /* Resources */,
			);
			buildRules = (
			);
			dependencies = (
				CD730E7F1BD967D4002B19C8 /* PBXTargetDependency */,
			);
			name = MusicVisualizationsUITests;
			productName = MusicColaborationUITests;
			productReference = CD730E7D1BD967D4002B19C8 /* MusicVisualizations.xctest */;
			productType = "com.apple.product-type.bundle.ui-testing";
		};
/* End PBXNativeTarget section */

/* Begin PBXProject section */
		CD730E531BD967D3002B19C8 /* Project object */ = {
			isa = PBXProject;
			attributes = {
				LastSwiftUpdateCheck = 0710;
				LastUpgradeCheck = 0710;
				ORGANIZATIONNAME = BaoPham;
				TargetAttributes = {
					CD730E5A1BD967D4002B19C8 = {
						CreatedOnToolsVersion = 7.1;
						DevelopmentTeam = 55PJG6LR48;
					};
					CD730E711BD967D4002B19C8 = {
						CreatedOnToolsVersion = 7.1;
						DevelopmentTeam = 55PJG6LR48;
						TestTargetID = CD730E5A1BD967D4002B19C8;
					};
					CD730E7C1BD967D4002B19C8 = {
						CreatedOnToolsVersion = 7.1;
						DevelopmentTeam = 55PJG6LR48;
						TestTargetID = CD730E5A1BD967D4002B19C8;
					};
				};
			};
			buildConfigurationList = CD730E561BD967D3002B19C8 /* Build configuration list for PBXProject "MusicVisualizations" */;
			compatibilityVersion = "Xcode 3.2";
			developmentRegion = English;
			hasScannedForEncodings = 0;
			knownRegions = (
				en,
				Base,
			);
			mainGroup = CD730E521BD967D3002B19C8;
			productRefGroup = CD730E5C1BD967D4002B19C8 /* Products */;
			projectDirPath = "";
			projectRoot = "";
			targets = (
				CD730E5A1BD967D4002B19C8 /* MusicVisualizations */,
				CD730E711BD967D4002B19C8 /* MusicVisualizationsTests */,
				CD730E7C1BD967D4002B19C8 /* MusicVisualizationsUITests */,
			);
		};
/* End PBXProject section */

/* Begin PBXResourcesBuildPhase section */
		CD730E591BD967D4002B19C8 /* Resources */ = {
			isa = PBXResourcesBuildPhase;
			buildActionMask = 2147483647;
			files = (
				CD77E0A51C9204BF00188FC1 /* Chordbackg.png in Resources */,
				CD77E09A1C91F1F000188FC1 /* Ebackg.png in Resources */,
				CD730E6C1BD967D4002B19C8 /* LaunchScreen.storyboard in Resources */,
				CD77E0921C91F1F000188FC1 /* C#backg.png in Resources */,
				CD77E0931C91F1F000188FC1 /* C#note.png in Resources */,
				CD77E0981C91F1F000188FC1 /* Dbackg.png in Resources */,
				CD77E09C1C91F1F000188FC1 /* F#backg.png in Resources */,
				CD77E0911C91F1F000188FC1 /* Bnote.png in Resources */,
				CD77E0901C91F1F000188FC1 /* Bbackg.png in Resources */,
				CD77E0941C91F1F000188FC1 /* Cbackg.png in Resources */,
				CD77E0A11C91F1F000188FC1 /* G#note.png in Resources */,
				CD77E0A31C91F1F000188FC1 /* Gnote.png in Resources */,
				CD77E09D1C91F1F000188FC1 /* F#note.png in Resources */,
				CD77E09F1C91F1F000188FC1 /* Fnote.png in Resources */,
				CD77E08D1C91F1F000188FC1 /* A#note.png in Resources */,
				CD77E0A21C91F1F000188FC1 /* Gbackg.png in Resources */,
				CD6DB7901C8F6553003BDAAC /* plus.png in Resources */,
				CD77E08F1C91F1F000188FC1 /* Anote.png in Resources */,
				CD6DB7921C8F65F8003BDAAC /* pause.png in Resources */,
				CD77E09E1C91F1F000188FC1 /* Fbackg.png in Resources */,
				CD6DB7941C8F6AB5003BDAAC /* music-note.png in Resources */,
				CD77E0961C91F1F000188FC1 /* D#backg.png in Resources */,
				CD77E0A01C91F1F000188FC1 /* G#backg.png in Resources */,
				CD77E09B1C91F1F000188FC1 /* Enote.png in Resources */,
				CD6DB78C1C8F6226003BDAAC /* play.png in Resources */,
				CD77E0991C91F1F000188FC1 /* Dnote.png in Resources */,
				CD730E691BD967D4002B19C8 /* Assets.xcassets in Resources */,
				CD77E0951C91F1F000188FC1 /* Cnote.png in Resources */,
				CD77E08C1C91F1F000188FC1 /* A#backg.png in Resources */,
				CD77E08E1C91F1F000188FC1 /* Abackg.png in Resources */,
				CD77E0971C91F1F000188FC1 /* D#note.png in Resources */,
				CD730E641BD967D4002B19C8 /* Main.storyboard in Resources */,
			);
			runOnlyForDeploymentPostprocessing = 0;
		};
		CD730E701BD967D4002B19C8 /* Resources */ = {
			isa = PBXResourcesBuildPhase;
			buildActionMask = 2147483647;
			files = (
			);
			runOnlyForDeploymentPostprocessing = 0;
		};
		CD730E7B1BD967D4002B19C8 /* Resources */ = {
			isa = PBXResourcesBuildPhase;
			buildActionMask = 2147483647;
			files = (
			);
			runOnlyForDeploymentPostprocessing = 0;
		};
/* End PBXResourcesBuildPhase section */

/* Begin PBXSourcesBuildPhase section */
		CD730E571BD967D4002B19C8 /* Sources */ = {
			isa = PBXSourcesBuildPhase;
			buildActionMask = 2147483647;
			files = (
				CD730E611BD967D4002B19C8 /* ViewController.swift in Sources */,
				CD730E5F1BD967D4002B19C8 /* AppDelegate.swift in Sources */,
				CD730E921BD96FF6002B19C8 /* Utilities.swift in Sources */,
				CDB8129C1BE002EF00384FBE /* PlayerData.swift in Sources */,
				CD730E671BD967D4002B19C8 /* MusicColaboration.xcdatamodeld in Sources */,
			);
			runOnlyForDeploymentPostprocessing = 0;
		};
		CD730E6E1BD967D4002B19C8 /* Sources */ = {
			isa = PBXSourcesBuildPhase;
			buildActionMask = 2147483647;
			files = (
				CD730E771BD967D4002B19C8 /* MusicColaborationTests.swift in Sources */,
			);
			runOnlyForDeploymentPostprocessing = 0;
		};
		CD730E791BD967D4002B19C8 /* Sources */ = {
			isa = PBXSourcesBuildPhase;
			buildActionMask = 2147483647;
			files = (
				CD730E821BD967D4002B19C8 /* MusicColaborationUITests.swift in Sources */,
			);
			runOnlyForDeploymentPostprocessing = 0;
		};
/* End PBXSourcesBuildPhase section */

/* Begin PBXTargetDependency section */
		CD730E741BD967D4002B19C8 /* PBXTargetDependency */ = {
			isa = PBXTargetDependency;
			target = CD730E5A1BD967D4002B19C8 /* MusicVisualizations */;
			targetProxy = CD730E731BD967D4002B19C8 /* PBXContainerItemProxy */;
		};
		CD730E7F1BD967D4002B19C8 /* PBXTargetDependency */ = {
			isa = PBXTargetDependency;
			target = CD730E5A1BD967D4002B19C8 /* MusicVisualizations */;
			targetProxy = CD730E7E1BD967D4002B19C8 /* PBXContainerItemProxy */;
		};
/* End PBXTargetDependency section */

/* Begin PBXVariantGroup section */
		CD730E621BD967D4002B19C8 /* Main.storyboard */ = {
			isa = PBXVariantGroup;
			children = (
				CD730E631BD967D4002B19C8 /* Base */,
			);
			name = Main.storyboard;
			sourceTree = "<group>";
		};
		CD730E6A1BD967D4002B19C8 /* LaunchScreen.storyboard */ = {
			isa = PBXVariantGroup;
			children = (
				CD730E6B1BD967D4002B19C8 /* Base */,
			);
			name = LaunchScreen.storyboard;
			sourceTree = "<group>";
		};
/* End PBXVariantGroup section */

/* Begin XCBuildConfiguration section */
		CD730E841BD967D4002B19C8 /* Debug */ = {
			isa = XCBuildConfiguration;
			buildSettings = {
				ALWAYS_SEARCH_USER_PATHS = NO;
				CLANG_CXX_LANGUAGE_STANDARD = "gnu++0x";
				CLANG_CXX_LIBRARY = "libc++";
				CLANG_ENABLE_MODULES = YES;
				CLANG_ENABLE_OBJC_ARC = YES;
				CLANG_WARN_BOOL_CONVERSION = YES;
				CLANG_WARN_CONSTANT_CONVERSION = YES;
				CLANG_WARN_DIRECT_OBJC_ISA_USAGE = YES_ERROR;
				CLANG_WARN_EMPTY_BODY = YES;
				CLANG_WARN_ENUM_CONVERSION = YES;
				CLANG_WARN_INT_CONVERSION = YES;
				CLANG_WARN_OBJC_ROOT_CLASS = YES_ERROR;
				CLANG_WARN_UNREACHABLE_CODE = YES;
				CLANG_WARN__DUPLICATE_METHOD_MATCH = YES;
				"CODE_SIGN_IDENTITY[sdk=iphoneos*]" = "iPhone Developer";
				COPY_PHASE_STRIP = NO;
				DEBUG_INFORMATION_FORMAT = dwarf;
				ENABLE_STRICT_OBJC_MSGSEND = YES;
				ENABLE_TESTABILITY = YES;
				GCC_C_LANGUAGE_STANDARD = gnu99;
				GCC_DYNAMIC_NO_PIC = NO;
				GCC_NO_COMMON_BLOCKS = YES;
				GCC_OPTIMIZATION_LEVEL = 0;
				GCC_PREPROCESSOR_DEFINITIONS = (
					"DEBUG=1",
					"$(inherited)",
				);
				GCC_WARN_64_TO_32_BIT_CONVERSION = YES;
				GCC_WARN_ABOUT_RETURN_TYPE = YES_ERROR;
				GCC_WARN_UNDECLARED_SELECTOR = YES;
				GCC_WARN_UNINITIALIZED_AUTOS = YES_AGGRESSIVE;
				GCC_WARN_UNUSED_FUNCTION = YES;
				GCC_WARN_UNUSED_VARIABLE = YES;
				IPHONEOS_DEPLOYMENT_TARGET = 9.1;
				MTL_ENABLE_DEBUG_INFO = YES;
				ONLY_ACTIVE_ARCH = YES;
				SDKROOT = iphoneos;
				SWIFT_OPTIMIZATION_LEVEL = "-Onone";
				TARGETED_DEVICE_FAMILY = "1,2";
			};
			name = Debug;
		};
		CD730E851BD967D4002B19C8 /* Release */ = {
			isa = XCBuildConfiguration;
			buildSettings = {
				ALWAYS_SEARCH_USER_PATHS = NO;
				CLANG_CXX_LANGUAGE_STANDARD = "gnu++0x";
				CLANG_CXX_LIBRARY = "libc++";
				CLANG_ENABLE_MODULES = YES;
				CLANG_ENABLE_OBJC_ARC = YES;
				CLANG_WARN_BOOL_CONVERSION = YES;
				CLANG_WARN_CONSTANT_CONVERSION = YES;
				CLANG_WARN_DIRECT_OBJC_ISA_USAGE = YES_ERROR;
				CLANG_WARN_EMPTY_BODY = YES;
				CLANG_WARN_ENUM_CONVERSION = YES;
				CLANG_WARN_INT_CONVERSION = YES;
				CLANG_WARN_OBJC_ROOT_CLASS = YES_ERROR;
				CLANG_WARN_UNREACHABLE_CODE = YES;
				CLANG_WARN__DUPLICATE_METHOD_MATCH = YES;
				"CODE_SIGN_IDENTITY[sdk=iphoneos*]" = "iPhone Developer";
				COPY_PHASE_STRIP = NO;
				DEBUG_INFORMATION_FORMAT = "dwarf-with-dsym";
				ENABLE_NS_ASSERTIONS = NO;
				ENABLE_STRICT_OBJC_MSGSEND = YES;
				GCC_C_LANGUAGE_STANDARD = gnu99;
				GCC_NO_COMMON_BLOCKS = YES;
				GCC_WARN_64_TO_32_BIT_CONVERSION = YES;
				GCC_WARN_ABOUT_RETURN_TYPE = YES_ERROR;
				GCC_WARN_UNDECLARED_SELECTOR = YES;
				GCC_WARN_UNINITIALIZED_AUTOS = YES_AGGRESSIVE;
				GCC_WARN_UNUSED_FUNCTION = YES;
				GCC_WARN_UNUSED_VARIABLE = YES;
				IPHONEOS_DEPLOYMENT_TARGET = 9.1;
				MTL_ENABLE_DEBUG_INFO = NO;
				SDKROOT = iphoneos;
				TARGETED_DEVICE_FAMILY = "1,2";
				VALIDATE_PRODUCT = YES;
			};
			name = Release;
		};
		CD730E871BD967D4002B19C8 /* Debug */ = {
			isa = XCBuildConfiguration;
			buildSettings = {
				ASSETCATALOG_COMPILER_APPICON_NAME = AppIcon;
				CODE_SIGN_IDENTITY = "iPhone Developer";
				"CODE_SIGN_IDENTITY[sdk=iphoneos*]" = "iPhone Developer";
				INFOPLIST_FILE = MusicColaboration/Info.plist;
				LD_RUNPATH_SEARCH_PATHS = "$(inherited) @executable_path/Frameworks";
				PRODUCT_BUNDLE_IDENTIFIER = com.baothienpham.MusicVisualizations;
				PRODUCT_NAME = MusicVisualizations;
				PROVISIONING_PROFILE = "";
			};
			name = Debug;
		};
		CD730E881BD967D4002B19C8 /* Release */ = {
			isa = XCBuildConfiguration;
			buildSettings = {
				ASSETCATALOG_COMPILER_APPICON_NAME = AppIcon;
				CODE_SIGN_IDENTITY = "iPhone Developer";
				"CODE_SIGN_IDENTITY[sdk=iphoneos*]" = "iPhone Developer";
				INFOPLIST_FILE = MusicColaboration/Info.plist;
				LD_RUNPATH_SEARCH_PATHS = "$(inherited) @executable_path/Frameworks";
				PRODUCT_BUNDLE_IDENTIFIER = com.baothienpham.MusicVisualizations;
				PRODUCT_NAME = MusicVisualizations;
				PROVISIONING_PROFILE = "";
			};
			name = Release;
		};
		CD730E8A1BD967D4002B19C8 /* Debug */ = {
			isa = XCBuildConfiguration;
			buildSettings = {
				BUNDLE_LOADER = "$(TEST_HOST)";
				INFOPLIST_FILE = MusicColaborationTests/Info.plist;
				LD_RUNPATH_SEARCH_PATHS = "$(inherited) @executable_path/Frameworks @loader_path/Frameworks";
				PRODUCT_BUNDLE_IDENTIFIER = com.baothienpham.MusicColaborationTests;
				PRODUCT_NAME = MusicVisualizations;
				TEST_HOST = "$(BUILT_PRODUCTS_DIR)/MusicVisualizations.app/MusicVisualizations";
			};
			name = Debug;
		};
		CD730E8B1BD967D4002B19C8 /* Release */ = {
			isa = XCBuildConfiguration;
			buildSettings = {
				BUNDLE_LOADER = "$(TEST_HOST)";
				INFOPLIST_FILE = MusicColaborationTests/Info.plist;
				LD_RUNPATH_SEARCH_PATHS = "$(inherited) @executable_path/Frameworks @loader_path/Frameworks";
				PRODUCT_BUNDLE_IDENTIFIER = com.baothienpham.MusicColaborationTests;
				PRODUCT_NAME = MusicVisualizations;
				TEST_HOST = "$(BUILT_PRODUCTS_DIR)/MusicVisualizations.app/MusicVisualizations";
			};
			name = Release;
		};
		CD730E8D1BD967D4002B19C8 /* Debug */ = {
			isa = XCBuildConfiguration;
			buildSettings = {
				INFOPLIST_FILE = MusicColaborationUITests/Info.plist;
				LD_RUNPATH_SEARCH_PATHS = "$(inherited) @executable_path/Frameworks @loader_path/Frameworks";
				PRODUCT_BUNDLE_IDENTIFIER = com.baothienpham.MusicColaborationUITests;
				PRODUCT_NAME = MusicVisualizations;
				TEST_TARGET_NAME = MusicColaboration;
				USES_XCTRUNNER = YES;
			};
			name = Debug;
		};
		CD730E8E1BD967D4002B19C8 /* Release */ = {
			isa = XCBuildConfiguration;
			buildSettings = {
				INFOPLIST_FILE = MusicColaborationUITests/Info.plist;
				LD_RUNPATH_SEARCH_PATHS = "$(inherited) @executable_path/Frameworks @loader_path/Frameworks";
				PRODUCT_BUNDLE_IDENTIFIER = com.baothienpham.MusicColaborationUITests;
				PRODUCT_NAME = MusicVisualizations;
				TEST_TARGET_NAME = MusicColaboration;
				USES_XCTRUNNER = YES;
			};
			name = Release;
		};
/* End XCBuildConfiguration section */

/* Begin XCConfigurationList section */
		CD730E561BD967D3002B19C8 /* Build configuration list for PBXProject "MusicVisualizations" */ = {
			isa = XCConfigurationList;
			buildConfigurations = (
				CD730E841BD967D4002B19C8 /* Debug */,
				CD730E851BD967D4002B19C8 /* Release */,
			);
			defaultConfigurationIsVisible = 0;
			defaultConfigurationName = Release;
		};
		CD730E861BD967D4002B19C8 /* Build configuration list for PBXNativeTarget "MusicVisualizations" */ = {
			isa = XCConfigurationList;
			buildConfigurations = (
				CD730E871BD967D4002B19C8 /* Debug */,
				CD730E881BD967D4002B19C8 /* Release */,
			);
			defaultConfigurationIsVisible = 0;
			defaultConfigurationName = Release;
		};
		CD730E891BD967D4002B19C8 /* Build configuration list for PBXNativeTarget "MusicVisualizationsTests" */ = {
			isa = XCConfigurationList;
			buildConfigurations = (
				CD730E8A1BD967D4002B19C8 /* Debug */,
				CD730E8B1BD967D4002B19C8 /* Release */,
			);
			defaultConfigurationIsVisible = 0;
			defaultConfigurationName = Release;
		};
		CD730E8C1BD967D4002B19C8 /* Build configuration list for PBXNativeTarget "MusicVisualizationsUITests" */ = {
			isa = XCConfigurationList;
			buildConfigurations = (
				CD730E8D1BD967D4002B19C8 /* Debug */,
				CD730E8E1BD967D4002B19C8 /* Release */,
			);
			defaultConfigurationIsVisible = 0;
			defaultConfigurationName = Release;
		};
/* End XCConfigurationList section */

/* Begin XCVersionGroup section */
		CD730E651BD967D4002B19C8 /* MusicColaboration.xcdatamodeld */ = {
			isa = XCVersionGroup;
			children = (
				CD730E661BD967D4002B19C8 /* MusicColaboration.xcdatamodel */,
			);
			currentVersion = CD730E661BD967D4002B19C8 /* MusicColaboration.xcdatamodel */;
			path = MusicColaboration.xcdatamodeld;
			sourceTree = "<group>";
			versionGroupType = wrapper.xcdatamodel;
		};
/* End XCVersionGroup section */
	};
	rootObject = CD730E531BD967D3002B19C8 /* Project object */;
}
